
Microsoft Visual Studio Solution File, Format Version 12.00
# Visual Studio Version 16
VisualStudioVersion = 16.0.32413.511
MinimumVisualStudioVersion = 10.0.40219.1
Project("{9A19103F-16F7-4668-BE54-9A1E7A4F7556}") = "UsuariosApi", "UsuarioAPP\UsuariosApi.csproj", "{8806E2AB-73A9-404E-BFC3-01A9837E50E7}"
EndProject
Global
	GlobalSection(SolutionConfigurationPlatforms) = preSolution
		Debug|Any CPU = Debug|Any CPU
		Release|Any CPU = Release|Any CPU
	EndGlobalSection
	GlobalSection(ProjectConfigurationPlatforms) = postSolution
		{8806E2AB-73A9-404E-BFC3-01A9837E50E7}.Debug|Any CPU.ActiveCfg = Debug|Any CPU
		{8806E2AB-73A9-404E-BFC3-01A9837E50E7}.Debug|Any CPU.Build.0 = Debug|Any CPU
		{8806E2AB-73A9-404E-BFC3-01A9837E50E7}.Release|Any CPU.ActiveCfg = Release|Any CPU
		{8806E2AB-73A9-404E-BFC3-01A9837E50E7}.Release|Any CPU.Build.0 = Release|Any CPU
	EndGlobalSection
	GlobalSection(SolutionProperties) = preSolution
		HideSolutionNode = FALSE
	EndGlobalSection
	GlobalSection(ExtensibilityGlobals) = postSolution
		SolutionGuid = {697D6BD4-6C1D-4F5D-AB11-ABCF81876509}
	EndGlobalSection
EndGlobal
